{
  "name": "crud",
  "version": "1.0.0",
  "lockfileVersion": 1,
  "requires": true,
  "dependencies": {
    "@hapi/boom": {
      "version": "8.0.1",
      "resolved": "https://registry.npmjs.org/@hapi/boom/-/boom-8.0.1.tgz",
      "integrity": "sha512-SnBM2GzEYEA6AGFKXBqNLWXR3uNBui0bkmklYXX1gYtevVhDTy2uakwkSauxvIWMtlANGRhzChYg95If3FWCwA==",
      "requires": {
        "@hapi/hoek": "8.x.x"
      }
    },
    "@hapi/hoek": {
      "version": "8.5.0",
      "resolved": "https://registry.npmjs.org/@hapi/hoek/-/hoek-8.5.0.tgz",
      "integrity": "sha512-7XYT10CZfPsH7j9F1Jmg1+d0ezOux2oM2GfArAzLwWe4mE2Dr3hVjsAL6+TFY49RRJlCdJDMw3nJsLFroTc8Kw=="
    },
    "ms-oss-example-common": {
      "version": "0.0.2",
      "resolved": "https://registry.npmjs.org/ms-oss-example-common/-/ms-oss-example-common-0.0.2.tgz",
      "integrity": "sha512-ApPtY6lN3xcxRg3PargG0lsPAydBg66t5Axj636kJ7fY1C1vYkNx9rCZHD2ZAeMGH8e4YAfXyDv+4ynISQWJOw==",
      "requires": {
        "@hapi/boom": "8.0.1"
      }
    }
  }
}
