{
  "name": "events",
  "version": "0.0.4",
  "lockfileVersion": 1,
  "requires": true,
  "dependencies": {
    "ms-oss-example-common": {
      "version": "0.0.1",
      "resolved": "https://registry.npmjs.org/ms-oss-example-common/-/ms-oss-example-common-0.0.1.tgz",
      "integrity": "sha512-5TEQGYymU3qN+bq875V2D/tm/ZyJhJIZaZigu/TPugYV09EUEta+FIZwf4LsJI75+YeFcnsWy6nQxs52LwrbJQ=="
    }
  }
}
